// !$*UTF8*$!
{
	archiveVersion = 1;
	classes = {
	};
	objectVersion = 50;
	objects = {

/* Begin PBXBuildFile section */
		04F87B9B2558EDF600CE8161 /* AppDelegate.swift in Sources */ = {isa = PBXBuildFile; fileRef = 04F87B9A2558EDF600CE8161 /* AppDelegate.swift */; };
		04F87B9D2558EDF600CE8161 /* SceneDelegate.swift in Sources */ = {isa = PBXBuildFile; fileRef = 04F87B9C2558EDF600CE8161 /* SceneDelegate.swift */; };
		04F87B9F2558EDF600CE8161 /* ViewController.swift in Sources */ = {isa = PBXBuildFile; fileRef = 04F87B9E2558EDF600CE8161 /* ViewController.swift */; };
		04F87BA22558EDF600CE8161 /* Main.storyboard in Resources */ = {isa = PBXBuildFile; fileRef = 04F87BA02558EDF600CE8161 /* Main.storyboard */; };
		04F87BA42558EDFB00CE8161 /* Assets.xcassets in Resources */ = {isa = PBXBuildFile; fileRef = 04F87BA32558EDFB00CE8161 /* Assets.xcassets */; };
		04F87BA72558EDFB00CE8161 /* LaunchScreen.storyboard in Resources */ = {isa = PBXBuildFile; fileRef = 04F87BA52558EDFB00CE8161 /* LaunchScreen.storyboard */; };
		04F87BB22558EDFC00CE8161 /* auto_layoutTests.swift in Sources */ = {isa = PBXBuildFile; fileRef = 04F87BB12558EDFC00CE8161 /* auto_layoutTests.swift */; };
		04F87BBD2558EDFC00CE8161 /* auto_layoutUITests.swift in Sources */ = {isa = PBXBuildFile; fileRef = 04F87BBC2558EDFC00CE8161 /* auto_layoutUITests.swift */; };
/* End PBXBuildFile section */

/* Begin PBXContainerItemProxy section */
		04F87BAE2558EDFC00CE8161 /* PBXContainerItemProxy */ = {
			isa = PBXContainerItemProxy;
			containerPortal = 04F87B8F2558EDF600CE8161 /* Project object */;
			proxyType = 1;
			remoteGlobalIDString = 04F87B962558EDF600CE8161;
			remoteInfo = "auto layout";
		};
		04F87BB92558EDFC00CE8161 /* PBXContainerItemProxy */ = {
			isa = PBXContainerItemProxy;
			containerPortal = 04F87B8F2558EDF600CE8161 /* Project object */;
			proxyType = 1;
			remoteGlobalIDString = 04F87B962558EDF600CE8161;
			remoteInfo = "auto layout";
		};
/* End PBXContainerItemProxy section */

/* Begin PBXFileReference section */
		04F87B972558EDF600CE8161 /* auto layout.app */ = {isa = PBXFileReference; explicitFileType = wrapper.application; includeInIndex = 0; path = "auto layout.app"; sourceTree = BUILT_PRODUCTS_DIR; };
		04F87B9A2558EDF600CE8161 /* AppDelegate.swift */ = {isa = PBXFileReference; lastKnownFileType = sourcecode.swift; path = AppDelegate.swift; sourceTree = "<group>"; };
		04F87B9C2558EDF600CE8161 /* SceneDelegate.swift */ = {isa = PBXFileReference; lastKnownFileType = sourcecode.swift; path = SceneDelegate.swift; sourceTree = "<group>"; };
		04F87B9E2558EDF600CE8161 /* ViewController.swift */ = {isa = PBXFileReference; lastKnownFileType = sourcecode.swift; path = ViewController.swift; sourceTree = "<group>"; };
		04F87BA12558EDF600CE8161 /* Base */ = {isa = PBXFileReference; lastKnownFileType = file.storyboard; name = Base; path = Base.lproj/Main.storyboard; sourceTree = "<group>"; };
		04F87BA32558EDFB00CE8161 /* Assets.xcassets */ = {isa = PBXFileReference; lastKnownFileType = folder.assetcatalog; path = Assets.xcassets; sourceTree = "<group>"; };
		04F87BA62558EDFB00CE8161 /* Base */ = {isa = PBXFileReference; lastKnownFileType = file.storyboard; name = Base; path = Base.lproj/LaunchScreen.storyboard; sourceTree = "<group>"; };
		04F87BA82558EDFB00CE8161 /* Info.plist */ = {isa = PBXFileReference; lastKnownFileType = text.plist.xml; path = Info.plist; sourceTree = "<group>"; };
		04F87BAD2558EDFC00CE8161 /* auto layoutTests.xctest */ = {isa = PBXFileReference; explicitFileType = wrapper.cfbundle; includeInIndex = 0; path = "auto layoutTests.xctest"; sourceTree = BUILT_PRODUCTS_DIR; };
		04F87BB12558EDFC00CE8161 /* auto_layoutTests.swift */ = {isa = PBXFileReference; lastKnownFileType = sourcecode.swift; path = auto_layoutTests.swift; sourceTree = "<group>"; };
		04F87BB32558EDFC00CE8161 /* Info.plist */ = {isa = PBXFileReference; lastKnownFileType = text.plist.xml; path = Info.plist; sourceTree = "<group>"; };
		04F87BB82558EDFC00CE8161 /* auto layoutUITests.xctest */ = {isa = PBXFileReference; explicitFileType = wrapper.cfbundle; includeInIndex = 0; path = "auto layoutUITests.xctest"; sourceTree = BUILT_PRODUCTS_DIR; };
		04F87BBC2558EDFC00CE8161 /* auto_layoutUITests.swift */ = {isa = PBXFileReference; lastKnownFileType = sourcecode.swift; path = auto_layoutUITests.swift; sourceTree = "<group>"; };
		04F87BBE2558EDFC00CE8161 /* Info.plist */ = {isa = PBXFileReference; lastKnownFileType = text.plist.xml; path = Info.plist; sourceTree = "<group>"; };
/* End PBXFileReference section */

/* Begin PBXFrameworksBuildPhase section */
		04F87B942558EDF600CE8161 /* Frameworks */ = {
			isa = PBXFrameworksBuildPhase;
			buildActionMask = 2147483647;
			files = (
			);
			runOnlyForDeploymentPostprocessing = 0;
		};
		04F87BAA2558EDFC00CE8161 /* Frameworks */ = {
			isa = PBXFrameworksBuildPhase;
			buildActionMask = 2147483647;
			files = (
			);
			runOnlyForDeploymentPostprocessing = 0;
		};
		04F87BB52558EDFC00CE8161 /* Frameworks */ = {
			isa = PBXFrameworksBuildPhase;
			buildActionMask = 2147483647;
			files = (
			);
			runOnlyForDeploymentPostprocessing = 0;
		};
/* End PBXFrameworksBuildPhase section */

/* Begin PBXGroup section */
		04F87B8E2558EDF600CE8161 = {
			isa = PBXGroup;
			children = (
				04F87B992558EDF600CE8161 /* auto layout */,
				04F87BB02558EDFC00CE8161 /* auto layoutTests */,
				04F87BBB2558EDFC00CE8161 /* auto layoutUITests */,
				04F87B982558EDF600CE8161 /* Products */,
			);
			sourceTree = "<group>";
		};
		04F87B982558EDF600CE8161 /* Products */ = {
			isa = PBXGroup;
			children = (
				04F87B972558EDF600CE8161 /* auto layout.app */,
				04F87BAD2558EDFC00CE8161 /* auto layoutTests.xctest */,
				04F87BB82558EDFC00CE8161 /* auto layoutUITests.xctest */,
			);
			name = Products;
			sourceTree = "<group>";
		};
		04F87B992558EDF600CE8161 /* auto layout */ = {
			isa = PBXGroup;
			children = (
				04F87B9A2558EDF600CE8161 /* AppDelegate.swift */,
				04F87B9C2558EDF600CE8161 /* SceneDelegate.swift */,
				04F87B9E2558EDF600CE8161 /* ViewController.swift */,
				04F87BA02558EDF600CE8161 /* Main.storyboard */,
				04F87BA32558EDFB00CE8161 /* Assets.xcassets */,
				04F87BA52558EDFB00CE8161 /* LaunchScreen.storyboard */,
				04F87BA82558EDFB00CE8161 /* Info.plist */,
			);
			path = "auto layout";
			sourceTree = "<group>";
		};
		04F87BB02558EDFC00CE8161 /* auto layoutTests */ = {
			isa = PBXGroup;
			children = (
				04F87BB12558EDFC00CE8161 /* auto_layoutTests.swift */,
				04F87BB32558EDFC00CE8161 /* Info.plist */,
			);
			path = "auto layoutTests";
			sourceTree = "<group>";
		};
		04F87BBB2558EDFC00CE8161 /* auto layoutUITests */ = {
			isa = PBXGroup;
			children = (
				04F87BBC2558EDFC00CE8161 /* auto_layoutUITests.swift */,
				04F87BBE2558EDFC00CE8161 /* Info.plist */,
			);
			path = "auto layoutUITests";
			sourceTree = "<group>";
		};
/* End PBXGroup section */

/* Begin PBXNativeTarget section */
		04F87B962558EDF600CE8161 /* auto layout */ = {
			isa = PBXNativeTarget;
			buildConfigurationList = 04F87BC12558EDFC00CE8161 /* Build configuration list for PBXNativeTarget "auto layout" */;
			buildPhases = (
				04F87B932558EDF600CE8161 /* Sources */,
				04F87B942558EDF600CE8161 /* Frameworks */,
				04F87B952558EDF600CE8161 /* Resources */,
			);
			buildRules = (
			);
			dependencies = (
			);
			name = "auto layout";
			productName = "auto layout";
			productReference = 04F87B972558EDF600CE8161 /* auto layout.app */;
			productType = "com.apple.product-type.application";
		};
		04F87BAC2558EDFC00CE8161 /* auto layoutTests */ = {
			isa = PBXNativeTarget;
			buildConfigurationList = 04F87BC42558EDFC00CE8161 /* Build configuration list for PBXNativeTarget "auto layoutTests" */;
			buildPhases = (
				04F87BA92558EDFC00CE8161 /* Sources */,
				04F87BAA2558EDFC00CE8161 /* Frameworks */,
				04F87BAB2558EDFC00CE8161 /* Resources */,
			);
			buildRules = (
			);
			dependencies = (
				04F87BAF2558EDFC00CE8161 /* PBXTargetDependency */,
			);
			name = "auto layoutTests";
			productName = "auto layoutTests";
			productReference = 04F87BAD2558EDFC00CE8161 /* auto layoutTests.xctest */;
			productType = "com.apple.product-type.bundle.unit-test";
		};
		04F87BB72558EDFC00CE8161 /* auto layoutUITests */ = {
			isa = PBXNativeTarget;
			buildConfigurationList = 04F87BC72558EDFC00CE8161 /* Build configuration list for PBXNativeTarget "auto layoutUITests" */;
			buildPhases = (
				04F87BB42558EDFC00CE8161 /* Sources */,
				04F87BB52558EDFC00CE8161 /* Frameworks */,
				04F87BB62558EDFC00CE8161 /* Resources */,
			);
			buildRules = (
			);
			dependencies = (
				04F87BBA2558EDFC00CE8161 /* PBXTargetDependency */,
			);
			name = "auto layoutUITests";
			productName = "auto layoutUITests";
			productReference = 04F87BB82558EDFC00CE8161 /* auto layoutUITests.xctest */;
			productType = "com.apple.product-type.bundle.ui-testing";
		};
/* End PBXNativeTarget section */

/* Begin PBXProject section */
		04F87B8F2558EDF600CE8161 /* Project object */ = {
			isa = PBXProject;
			attributes = {
				LastSwiftUpdateCheck = 1210;
				LastUpgradeCheck = 1210;
				TargetAttributes = {
					04F87B962558EDF600CE8161 = {
						CreatedOnToolsVersion = 12.1;
					};
					04F87BAC2558EDFC00CE8161 = {
						CreatedOnToolsVersion = 12.1;
						TestTargetID = 04F87B962558EDF600CE8161;
					};
					04F87BB72558EDFC00CE8161 = {
						CreatedOnToolsVersion = 12.1;
						TestTargetID = 04F87B962558EDF600CE8161;
					};
				};
			};
			buildConfigurationList = 04F87B922558EDF600CE8161 /* Build configuration list for PBXProject "auto layout" */;
			compatibilityVersion = "Xcode 9.3";
			developmentRegion = en;
			hasScannedForEncodings = 0;
			knownRegions = (
				en,
				Base,
			);
			mainGroup = 04F87B8E2558EDF600CE8161;
			productRefGroup = 04F87B982558EDF600CE8161 /* Products */;
			projectDirPath = "";
			projectRoot = "";
			targets = (
				04F87B962558EDF600CE8161 /* auto layout */,
				04F87BAC2558EDFC00CE8161 /* auto layoutTests */,
				04F87BB72558EDFC00CE8161 /* auto layoutUITests */,
			);
		};
/* End PBXProject section */

/* Begin PBXResourcesBuildPhase section */
		04F87B952558EDF600CE8161 /* Resources */ = {
			isa = PBXResourcesBuildPhase;
			buildActionMask = 2147483647;
			files = (
				04F87BA72558EDFB00CE8161 /* LaunchScreen.storyboard in Resources */,
				04F87BA42558EDFB00CE8161 /* Assets.xcassets in Resources */,
				04F87BA22558EDF600CE8161 /* Main.storyboard in Resources */,
			);
			runOnlyForDeploymentPostprocessing = 0;
		};
		04F87BAB2558EDFC00CE8161 /* Resources */ = {
			isa = PBXResourcesBuildPhase;
			buildActionMask = 2147483647;
			files = (
			);
			runOnlyForDeploymentPostprocessing = 0;
		};
		04F87BB62558EDFC00CE8161 /* Resources */ = {
			isa = PBXResourcesBuildPhase;
			buildActionMask = 2147483647;
			files = (
			);
			runOnlyForDeploymentPostprocessing = 0;
		};
/* End PBXResourcesBuildPhase section */

/* Begin PBXSourcesBuildPhase section */
		04F87B932558EDF600CE8161 /* Sources */ = {
			isa = PBXSourcesBuildPhase;
			buildActionMask = 2147483647;
			files = (
				04F87B9F2558EDF600CE8161 /* ViewController.swift in Sources */,
				04F87B9B2558EDF600CE8161 /* AppDelegate.swift in Sources */,
				04F87B9D2558EDF600CE8161 /* SceneDelegate.swift in Sources */,
			);
			runOnlyForDeploymentPostprocessing = 0;
		};
		04F87BA92558EDFC00CE8161 /* Sources */ = {
			isa = PBXSourcesBuildPhase;
			buildActionMask = 2147483647;
			files = (
				04F87BB22558EDFC00CE8161 /* auto_layoutTests.swift in Sources */,
			);
			runOnlyForDeploymentPostprocessing = 0;
		};
		04F87BB42558EDFC00CE8161 /* Sources */ = {
			isa = PBXSourcesBuildPhase;
			buildActionMask = 2147483647;
			files = (
				04F87BBD2558EDFC00CE8161 /* auto_layoutUITests.swift in Sources */,
			);
			runOnlyForDeploymentPostprocessing = 0;
		};
/* End PBXSourcesBuildPhase section */

/* Begin PBXTargetDependency section */
		04F87BAF2558EDFC00CE8161 /* PBXTargetDependency */ = {
			isa = PBXTargetDependency;
			target = 04F87B962558EDF600CE8161 /* auto layout */;
			targetProxy = 04F87BAE2558EDFC00CE8161 /* PBXContainerItemProxy */;
		};
		04F87BBA2558EDFC00CE8161 /* PBXTargetDependency */ = {
			isa = PBXTargetDependency;
			target = 04F87B962558EDF600CE8161 /* auto layout */;
			targetProxy = 04F87BB92558EDFC00CE8161 /* PBXContainerItemProxy */;
		};
/* End PBXTargetDependency section */

/* Begin PBXVariantGroup section */
		04F87BA02558EDF600CE8161 /* Main.storyboard */ = {
			isa = PBXVariantGroup;
			children = (
				04F87BA12558EDF600CE8161 /* Base */,
			);
			name = Main.storyboard;
			sourceTree = "<group>";
		};
		04F87BA52558EDFB00CE8161 /* LaunchScreen.storyboard */ = {
			isa = PBXVariantGroup;
			children = (
				04F87BA62558EDFB00CE8161 /* Base */,
			);
			name = LaunchScreen.storyboard;
			sourceTree = "<group>";
		};
/* End PBXVariantGroup section */

/* Begin XCBuildConfiguration section */
		04F87BBF2558EDFC00CE8161 /* Debug */ = {
			isa = XCBuildConfiguration;
			buildSettings = {
				ALWAYS_SEARCH_USER_PATHS = NO;
				CLANG_ANALYZER_NONNULL = YES;
				CLANG_ANALYZER_NUMBER_OBJECT_CONVERSION = YES_AGGRESSIVE;
				CLANG_CXX_LANGUAGE_STANDARD = "gnu++14";
				CLANG_CXX_LIBRARY = "libc++";
				CLANG_ENABLE_MODULES = YES;
				CLANG_ENABLE_OBJC_ARC = YES;
				CLANG_ENABLE_OBJC_WEAK = YES;
				CLANG_WARN_BLOCK_CAPTURE_AUTORELEASING = YES;
				CLANG_WARN_BOOL_CONVERSION = YES;
				CLANG_WARN_COMMA = YES;
				CLANG_WARN_CONSTANT_CONVERSION = YES;
				CLANG_WARN_DEPRECATED_OBJC_IMPLEMENTATIONS = YES;
				CLANG_WARN_DIRECT_OBJC_ISA_USAGE = YES_ERROR;
				CLANG_WARN_DOCUMENTATION_COMMENTS = YES;
				CLANG_WARN_EMPTY_BODY = YES;
				CLANG_WARN_ENUM_CONVERSION = YES;
				CLANG_WARN_INFINITE_RECURSION = YES;
				CLANG_WARN_INT_CONVERSION = YES;
				CLANG_WARN_NON_LITERAL_NULL_CONVERSION = YES;
				CLANG_WARN_OBJC_IMPLICIT_RETAIN_SELF = YES;
				CLANG_WARN_OBJC_LITERAL_CONVERSION = YES;
				CLANG_WARN_OBJC_ROOT_CLASS = YES_ERROR;
				CLANG_WARN_QUOTED_INCLUDE_IN_FRAMEWORK_HEADER = YES;
				CLANG_WARN_RANGE_LOOP_ANALYSIS = YES;
				CLANG_WARN_STRICT_PROTOTYPES = YES;
				CLANG_WARN_SUSPICIOUS_MOVE = YES;
				CLANG_WARN_UNGUARDED_AVAILABILITY = YES_AGGRESSIVE;
				CLANG_WARN_UNREACHABLE_CODE = YES;
				CLANG_WARN__DUPLICATE_METHOD_MATCH = YES;
				COPY_PHASE_STRIP = NO;
				DEBUG_INFORMATION_FORMAT = dwarf;
				ENABLE_STRICT_OBJC_MSGSEND = YES;
				ENABLE_TESTABILITY = YES;
				GCC_C_LANGUAGE_STANDARD = gnu11;
				GCC_DYNAMIC_NO_PIC = NO;
				GCC_NO_COMMON_BLOCKS = YES;
				GCC_OPTIMIZATION_LEVEL = 0;
				GCC_PREPROCESSOR_DEFINITIONS = (
					"DEBUG=1",
					"$(inherited)",
				);
				GCC_WARN_64_TO_32_BIT_CONVERSION = YES;
				GCC_WARN_ABOUT_RETURN_TYPE = YES_ERROR;
				GCC_WARN_UNDECLARED_SELECTOR = YES;
				GCC_WARN_UNINITIALIZED_AUTOS = YES_AGGRESSIVE;
				GCC_WARN_UNUSED_FUNCTION = YES;
				GCC_WARN_UNUSED_VARIABLE = YES;
				IPHONEOS_DEPLOYMENT_TARGET = 14.1;
				MTL_ENABLE_DEBUG_INFO = INCLUDE_SOURCE;
				MTL_FAST_MATH = YES;
				ONLY_ACTIVE_ARCH = YES;
				SDKROOT = iphoneos;
				SWIFT_ACTIVE_COMPILATION_CONDITIONS = DEBUG;
				SWIFT_OPTIMIZATION_LEVEL = "-Onone";
			};
			name = Debug;
		};
		04F87BC02558EDFC00CE8161 /* Release */ = {
			isa = XCBuildConfiguration;
			buildSettings = {
				ALWAYS_SEARCH_USER_PATHS = NO;
				CLANG_ANALYZER_NONNULL = YES;
				CLANG_ANALYZER_NUMBER_OBJECT_CONVERSION = YES_AGGRESSIVE;
				CLANG_CXX_LANGUAGE_STANDARD = "gnu++14";
				CLANG_CXX_LIBRARY = "libc++";
				CLANG_ENABLE_MODULES = YES;
				CLANG_ENABLE_OBJC_ARC = YES;
				CLANG_ENABLE_OBJC_WEAK = YES;
				CLANG_WARN_BLOCK_CAPTURE_AUTORELEASING = YES;
				CLANG_WARN_BOOL_CONVERSION = YES;
				CLANG_WARN_COMMA = YES;
				CLANG_WARN_CONSTANT_CONVERSION = YES;
				CLANG_WARN_DEPRECATED_OBJC_IMPLEMENTATIONS = YES;
				CLANG_WARN_DIRECT_OBJC_ISA_USAGE = YES_ERROR;
				CLANG_WARN_DOCUMENTATION_COMMENTS = YES;
				CLANG_WARN_EMPTY_BODY = YES;
				CLANG_WARN_ENUM_CONVERSION = YES;
				CLANG_WARN_INFINITE_RECURSION = YES;
				CLANG_WARN_INT_CONVERSION = YES;
				CLANG_WARN_NON_LITERAL_NULL_CONVERSION = YES;
				CLANG_WARN_OBJC_IMPLICIT_RETAIN_SELF = YES;
				CLANG_WARN_OBJC_LITERAL_CONVERSION = YES;
				CLANG_WARN_OBJC_ROOT_CLASS = YES_ERROR;
				CLANG_WARN_QUOTED_INCLUDE_IN_FRAMEWORK_HEADER = YES;
				CLANG_WARN_RANGE_LOOP_ANALYSIS = YES;
				CLANG_WARN_STRICT_PROTOTYPES = YES;
				CLANG_WARN_SUSPICIOUS_MOVE = YES;
				CLANG_WARN_UNGUARDED_AVAILABILITY = YES_AGGRESSIVE;
				CLANG_WARN_UNREACHABLE_CODE = YES;
				CLANG_WARN__DUPLICATE_METHOD_MATCH = YES;
				COPY_PHASE_STRIP = NO;
				DEBUG_INFORMATION_FORMAT = "dwarf-with-dsym";
				ENABLE_NS_ASSERTIONS = NO;
				ENABLE_STRICT_OBJC_MSGSEND = YES;
				GCC_C_LANGUAGE_STANDARD = gnu11;
				GCC_NO_COMMON_BLOCKS = YES;
				GCC_WARN_64_TO_32_BIT_CONVERSION = YES;
				GCC_WARN_ABOUT_RETURN_TYPE = YES_ERROR;
				GCC_WARN_UNDECLARED_SELECTOR = YES;
				GCC_WARN_UNINITIALIZED_AUTOS = YES_AGGRESSIVE;
				GCC_WARN_UNUSED_FUNCTION = YES;
				GCC_WARN_UNUSED_VARIABLE = YES;
				IPHONEOS_DEPLOYMENT_TARGET = 14.1;
				MTL_ENABLE_DEBUG_INFO = NO;
				MTL_FAST_MATH = YES;
				SDKROOT = iphoneos;
				SWIFT_COMPILATION_MODE = wholemodule;
				SWIFT_OPTIMIZATION_LEVEL = "-O";
				VALIDATE_PRODUCT = YES;
			};
			name = Release;
		};
		04F87BC22558EDFC00CE8161 /* Debug */ = {
			isa = XCBuildConfiguration;
			buildSettings = {
				ASSETCATALOG_COMPILER_APPICON_NAME = AppIcon;
				ASSETCATALOG_COMPILER_GLOBAL_ACCENT_COLOR_NAME = AccentColor;
				CODE_SIGN_STYLE = Automatic;
				INFOPLIST_FILE = "auto layout/Info.plist";
				LD_RUNPATH_SEARCH_PATHS = (
					"$(inherited)",
					"@executable_path/Frameworks",
				);
				PRODUCT_BUNDLE_IDENTIFIER = "RPL-A.auto-layout";
				PRODUCT_NAME = "$(TARGET_NAME)";
				SWIFT_VERSION = 5.0;
				TARGETED_DEVICE_FAMILY = "1,2";
			};
			name = Debug;
		};
		04F87BC32558EDFC00CE8161 /* Release */ = {
			isa = XCBuildConfiguration;
			buildSettings = {
				ASSETCATALOG_COMPILER_APPICON_NAME = AppIcon;
				ASSETCATALOG_COMPILER_GLOBAL_ACCENT_COLOR_NAME = AccentColor;
				CODE_SIGN_STYLE = Automatic;
				INFOPLIST_FILE = "auto layout/Info.plist";
				LD_RUNPATH_SEARCH_PATHS = (
					"$(inherited)",
					"@executable_path/Frameworks",
				);
				PRODUCT_BUNDLE_IDENTIFIER = "RPL-A.auto-layout";
				PRODUCT_NAME = "$(TARGET_NAME)";
				SWIFT_VERSION = 5.0;
				TARGETED_DEVICE_FAMILY = "1,2";
			};
			name = Release;
		};
		04F87BC52558EDFC00CE8161 /* Debug */ = {
			isa = XCBuildConfiguration;
			buildSettings = {
				ALWAYS_EMBED_SWIFT_STANDARD_LIBRARIES = YES;
				BUNDLE_LOADER = "$(TEST_HOST)";
				CODE_SIGN_STYLE = Automatic;
				INFOPLIST_FILE = "auto layoutTests/Info.plist";
				IPHONEOS_DEPLOYMENT_TARGET = 14.1;
				LD_RUNPATH_SEARCH_PATHS = (
					"$(inherited)",
					"@executable_path/Frameworks",
					"@loader_path/Frameworks",
				);
				PRODUCT_BUNDLE_IDENTIFIER = "RPL-A.auto-layoutTests";
				PRODUCT_NAME = "$(TARGET_NAME)";
				SWIFT_VERSION = 5.0;
				TARGETED_DEVICE_FAMILY = "1,2";
				TEST_HOST = "$(BUILT_PRODUCTS_DIR)/auto layout.app/auto layout";
			};
			name = Debug;
		};
		04F87BC62558EDFC00CE8161 /* Release */ = {
			isa = XCBuildConfiguration;
			buildSettings = {
				ALWAYS_EMBED_SWIFT_STANDARD_LIBRARIES = YES;
				BUNDLE_LOADER = "$(TEST_HOST)";
				CODE_SIGN_STYLE = Automatic;
				INFOPLIST_FILE = "auto layoutTests/Info.plist";
				IPHONEOS_DEPLOYMENT_TARGET = 14.1;
				LD_RUNPATH_SEARCH_PATHS = (
					"$(inherited)",
					"@executable_path/Frameworks",
					"@loader_path/Frameworks",
				);
				PRODUCT_BUNDLE_IDENTIFIER = "RPL-A.auto-layoutTests";
				PRODUCT_NAME = "$(TARGET_NAME)";
				SWIFT_VERSION = 5.0;
				TARGETED_DEVICE_FAMILY = "1,2";
				TEST_HOST = "$(BUILT_PRODUCTS_DIR)/auto layout.app/auto layout";
			};
			name = Release;
		};
		04F87BC82558EDFC00CE8161 /* Debug */ = {
			isa = XCBuildConfiguration;
			buildSettings = {
				ALWAYS_EMBED_SWIFT_STANDARD_LIBRARIES = YES;
				CODE_SIGN_STYLE = Automatic;
				INFOPLIST_FILE = "auto layoutUITests/Info.plist";
				LD_RUNPATH_SEARCH_PATHS = (
					"$(inherited)",
					"@executable_path/Frameworks",
					"@loader_path/Frameworks",
				);
				PRODUCT_BUNDLE_IDENTIFIER = "RPL-A.auto-layoutUITests";
				PRODUCT_NAME = "$(TARGET_NAME)";
				SWIFT_VERSION = 5.0;
				TARGETED_DEVICE_FAMILY = "1,2";
				TEST_TARGET_NAME = "auto layout";
			};
			name = Debug;
		};
		04F87BC92558EDFC00CE8161 /* Release */ = {
			isa = XCBuildConfiguration;
			buildSettings = {
				ALWAYS_EMBED_SWIFT_STANDARD_LIBRARIES = YES;
				CODE_SIGN_STYLE = Automatic;
				INFOPLIST_FILE = "auto layoutUITests/Info.plist";
				LD_RUNPATH_SEARCH_PATHS = (
					"$(inherited)",
					"@executable_path/Frameworks",
					"@loader_path/Frameworks",
				);
				PRODUCT_BUNDLE_IDENTIFIER = "RPL-A.auto-layoutUITests";
				PRODUCT_NAME = "$(TARGET_NAME)";
				SWIFT_VERSION = 5.0;
				TARGETED_DEVICE_FAMILY = "1,2";
				TEST_TARGET_NAME = "auto layout";
			};
			name = Release;
		};
/* End XCBuildConfiguration section */

/* Begin XCConfigurationList section */
		04F87B922558EDF600CE8161 /* Build configuration list for PBXProject "auto layout" */ = {
			isa = XCConfigurationList;
			buildConfigurations = (
				04F87BBF2558EDFC00CE8161 /* Debug */,
				04F87BC02558EDFC00CE8161 /* Release */,
			);
			defaultConfigurationIsVisible = 0;
			defaultConfigurationName = Release;
		};
		04F87BC12558EDFC00CE8161 /* Build configuration list for PBXNativeTarget "auto layout" */ = {
			isa = XCConfigurationList;
			buildConfigurations = (
				04F87BC22558EDFC00CE8161 /* Debug */,
				04F87BC32558EDFC00CE8161 /* Release */,
			);
			defaultConfigurationIsVisible = 0;
			defaultConfigurationName = Release;
		};
		04F87BC42558EDFC00CE8161 /* Build configuration list for PBXNativeTarget "auto layoutTests" */ = {
			isa = XCConfigurationList;
			buildConfigurations = (
				04F87BC52558EDFC00CE8161 /* Debug */,
				04F87BC62558EDFC00CE8161 /* Release */,
			);
			defaultConfigurationIsVisible = 0;
			defaultConfigurationName = Release;
		};
		04F87BC72558EDFC00CE8161 /* Build configuration list for PBXNativeTarget "auto layoutUITests" */ = {
			isa = XCConfigurationList;
			buildConfigurations = (
				04F87BC82558EDFC00CE8161 /* Debug */,
				04F87BC92558EDFC00CE8161 /* Release */,
			);
			defaultConfigurationIsVisible = 0;
			defaultConfigurationName = Release;
		};
/* End XCConfigurationList section */
	};
	rootObject = 04F87B8F2558EDF600CE8161 /* Project object */;
}
